{
  "name": "miniBlog",
  "lockfileVersion": 2,
  "requires": true,
  "packages": {
    "": {
      "dependencies": {
        "@types/gapi.auth2": "^0.0.55"
      },
      "devDependencies": {
        "@types/bootstrap": "^5.1.6",
        "@types/gapi.client.classroom": "^1.0.13",
        "@types/jquery": "^3.5.10"
      }
    },
    "node_modules/@maxim_mazurok/gapi.client.classroom": {
      "version": "1.0.20211203",
      "resolved": "https://registry.npmjs.org/@maxim_mazurok/gapi.client.classroom/-/gapi.client.classroom-1.0.20211203.tgz",
      "integrity": "sha512-3x67hCE/ji3wCNOq7mqsezEflTvqpr1v55Xtxf7fj7/uUUb3F9pBZzmUWjds/GrE0f5ddTkbmZBwdYjlW4Npzw==",
      "dev": true,
      "dependencies": {
        "@types/gapi.client": "*"
      }
    },
    "node_modules/@popperjs/core": {
      "version": "2.11.0",
      "resolved": "https://registry.npmjs.org/@popperjs/core/-/core-2.11.0.tgz",
      "integrity": "sha512-zrsUxjLOKAzdewIDRWy9nsV1GQsKBCWaGwsZQlCgr6/q+vjyZhFgqedLfFBuI9anTPEUT4APq9Mu0SZBTzIcGQ==",
      "dev": true,
      "funding": {
        "type": "opencollective",
        "url": "https://opencollective.com/popperjs"
      }
    },
    "node_modules/@types/bootstrap": {
      "version": "5.1.6",
      "resolved": "https://registry.npmjs.org/@types/bootstrap/-/bootstrap-5.1.6.tgz",
      "integrity": "sha512-3L6IvOCKyoVd3e4bgQTH7VBPbuYEOG8IQbRcuZ0AbjfwPdRX+kVf5L/7mVt1EVM+D/BVw4+71rtp7Z8yYROlpQ==",
      "dev": true,
      "dependencies": {
        "@popperjs/core": "^2.9.2",
        "@types/jquery": "*"
      }
    },
    "node_modules/@types/gapi": {
      "version": "0.0.41",
      "resolved": "https://registry.npmjs.org/@types/gapi/-/gapi-0.0.41.tgz",
      "integrity": "sha512-tmHO66z/f91JZCDqinj/nNvQEszsz/hBT4+MvCSKT5sDzl5Ld/oXZ8WaecCBjRLw2uWKUInUHM9MhEXWkOiNjw=="
    },
    "node_modules/@types/gapi.auth2": {
      "version": "0.0.55",
      "resolved": "https://registry.npmjs.org/@types/gapi.auth2/-/gapi.auth2-0.0.55.tgz",
      "integrity": "sha512-chmROsbo28jI5or0aRP8X3aBuWkq8jJHj75al/C0BhI/qum8v7XSxxQ9aLpA2ULPWgWSyh6orn9ZCaUSA4iQCA==",
      "dependencies": {
        "@types/gapi": "*"
      }
    },
    "node_modules/@types/gapi.client": {
      "version": "1.0.5",
      "resolved": "https://registry.npmjs.org/@types/gapi.client/-/gapi.client-1.0.5.tgz",
      "integrity": "sha512-OTpbBMuzfC4lkvaomxqskI/iWRGW3zOZbDXZLNSyiuswTiSSGgILRLkg0POuZ4EgzEdaYaTlXpnXiCp07ri/Yw==",
      "dev": true
    },
    "node_modules/@types/gapi.client.classroom": {
      "version": "1.0.13",
      "resolved": "https://registry.npmjs.org/@types/gapi.client.classroom/-/gapi.client.classroom-1.0.13.tgz",
      "integrity": "sha512-5TrkQH8aCIWBaU2tezWOA4mtRK3nCqYyLeIIbleojC5HpzbWO/zc/do6HkoOXcwA8Hj1XE9F2w14ZILW+PI4cQ==",
      "dev": true,
      "dependencies": {
        "@maxim_mazurok/gapi.client.classroom": "latest"
      }
    },
    "node_modules/@types/jquery": {
      "version": "3.5.10",
      "resolved": "https://registry.npmjs.org/@types/jquery/-/jquery-3.5.10.tgz",
      "integrity": "sha512-w2qT5DFikh5TXrW/aOaCvCP8g2MMAfPXo3oeHR9v7dRuAZhu38PUWEkYrL4e9VRTcgZE4yER21AHndgpq2QPTQ==",
      "dev": true,
      "dependencies": {
        "@types/sizzle": "*"
      }
    },
    "node_modules/@types/sizzle": {
      "version": "2.3.3",
      "resolved": "https://registry.npmjs.org/@types/sizzle/-/sizzle-2.3.3.tgz",
      "integrity": "sha512-JYM8x9EGF163bEyhdJBpR2QX1R5naCJHC8ucJylJ3w9/CVBaskdQ8WqBf8MmQrd1kRvp/a4TS8HJ+bxzR7ZJYQ==",
      "dev": true
    }
  },
  "dependencies": {
    "@maxim_mazurok/gapi.client.classroom": {
      "version": "1.0.20211203",
      "resolved": "https://registry.npmjs.org/@maxim_mazurok/gapi.client.classroom/-/gapi.client.classroom-1.0.20211203.tgz",
      "integrity": "sha512-3x67hCE/ji3wCNOq7mqsezEflTvqpr1v55Xtxf7fj7/uUUb3F9pBZzmUWjds/GrE0f5ddTkbmZBwdYjlW4Npzw==",
      "dev": true,
      "requires": {
        "@types/gapi.client": "*"
      }
    },
    "@popperjs/core": {
      "version": "2.11.0",
      "resolved": "https://registry.npmjs.org/@popperjs/core/-/core-2.11.0.tgz",
      "integrity": "sha512-zrsUxjLOKAzdewIDRWy9nsV1GQsKBCWaGwsZQlCgr6/q+vjyZhFgqedLfFBuI9anTPEUT4APq9Mu0SZBTzIcGQ==",
      "dev": true
    },
    "@types/bootstrap": {
      "version": "5.1.6",
      "resolved": "https://registry.npmjs.org/@types/bootstrap/-/bootstrap-5.1.6.tgz",
      "integrity": "sha512-3L6IvOCKyoVd3e4bgQTH7VBPbuYEOG8IQbRcuZ0AbjfwPdRX+kVf5L/7mVt1EVM+D/BVw4+71rtp7Z8yYROlpQ==",
      "dev": true,
      "requires": {
        "@popperjs/core": "^2.9.2",
        "@types/jquery": "*"
      }
    },
    "@types/gapi": {
      "version": "0.0.41",
      "resolved": "https://registry.npmjs.org/@types/gapi/-/gapi-0.0.41.tgz",
      "integrity": "sha512-tmHO66z/f91JZCDqinj/nNvQEszsz/hBT4+MvCSKT5sDzl5Ld/oXZ8WaecCBjRLw2uWKUInUHM9MhEXWkOiNjw=="
    },
    "@types/gapi.auth2": {
      "version": "0.0.55",
      "resolved": "https://registry.npmjs.org/@types/gapi.auth2/-/gapi.auth2-0.0.55.tgz",
      "integrity": "sha512-chmROsbo28jI5or0aRP8X3aBuWkq8jJHj75al/C0BhI/qum8v7XSxxQ9aLpA2ULPWgWSyh6orn9ZCaUSA4iQCA==",
      "requires": {
        "@types/gapi": "*"
      }
    },
    "@types/gapi.client": {
      "version": "1.0.5",
      "resolved": "https://registry.npmjs.org/@types/gapi.client/-/gapi.client-1.0.5.tgz",
      "integrity": "sha512-OTpbBMuzfC4lkvaomxqskI/iWRGW3zOZbDXZLNSyiuswTiSSGgILRLkg0POuZ4EgzEdaYaTlXpnXiCp07ri/Yw==",
      "dev": true
    },
    "@types/gapi.client.classroom": {
      "version": "1.0.13",
      "resolved": "https://registry.npmjs.org/@types/gapi.client.classroom/-/gapi.client.classroom-1.0.13.tgz",
      "integrity": "sha512-5TrkQH8aCIWBaU2tezWOA4mtRK3nCqYyLeIIbleojC5HpzbWO/zc/do6HkoOXcwA8Hj1XE9F2w14ZILW+PI4cQ==",
      "dev": true,
      "requires": {
        "@maxim_mazurok/gapi.client.classroom": "latest"
      }
    },
    "@types/jquery": {
      "version": "3.5.10",
      "resolved": "https://registry.npmjs.org/@types/jquery/-/jquery-3.5.10.tgz",
      "integrity": "sha512-w2qT5DFikh5TXrW/aOaCvCP8g2MMAfPXo3oeHR9v7dRuAZhu38PUWEkYrL4e9VRTcgZE4yER21AHndgpq2QPTQ==",
      "dev": true,
      "requires": {
        "@types/sizzle": "*"
      }
    },
    "@types/sizzle": {
      "version": "2.3.3",
      "resolved": "https://registry.npmjs.org/@types/sizzle/-/sizzle-2.3.3.tgz",
      "integrity": "sha512-JYM8x9EGF163bEyhdJBpR2QX1R5naCJHC8ucJylJ3w9/CVBaskdQ8WqBf8MmQrd1kRvp/a4TS8HJ+bxzR7ZJYQ==",
      "dev": true
    }
  }
}
